<?xml version="1.0" encoding="utf-8"?>
<Project ToolsVersion="4.0" xmlns="http://schemas.microsoft.com/developer/msbuild/2003">
  <ItemGroup>
    <Filter Include="Source Files">
      <UniqueIdentifier>{4FC737F1-C7A5-4376-A066-2A32D752A2FF}</UniqueIdentifier>
      <Extensions>cpp;c;cc;cxx;c++;cppm;ixx;def;odl;idl;hpj;bat;asm;asmx</Extensions>
    </Filter>
    <Filter Include="Header Files">
      <UniqueIdentifier>{93995380-89BD-4b04-88EB-625FBE52EBFB}</UniqueIdentifier>
      <Extensions>h;hh;hpp;hxx;h++;hm;inl;inc;ipp;xsd</Extensions>
    </Filter>
    <Filter Include="Resource Files">
      <UniqueIdentifier>{67DA6AB6-F800-4c08-8B7A-83BB121AAD01}</UniqueIdentifier>
      <Extensions>rc;ico;cur;bmp;dlg;rc2;rct;bin;rgs;gif;jpg;jpeg;jpe;resx;tiff;tif;png;wav;mfcribbon-ms</Extensions>
    </Filter>
    <Filter Include="Capillary">
      <UniqueIdentifier>{b97fde83-8532-49f3-a3e6-5d63ee5be0ab}</UniqueIdentifier>
    </Filter>
    <Filter Include="Locking">
      <UniqueIdentifier>{dab0344e-0960-4f56-a566-a74b6de2379f}</UniqueIdentifier>
    </Filter>
  </ItemGroup>
  <ItemGroup>
    <ClInclude Include="pch.h">
      <Filter>Header Files</Filter>
    </ClInclude>
    <ClInclude Include="Map.h">
      <Filter>Header Files</Filter>
    </ClInclude>
    <ClInclude Include="Point3D.h">
      <Filter>Header Files</Filter>
    </ClInclude>
    <ClInclude Include="Interpolation3D.h">
      <Filter>Header Files</Filter>
    </ClInclude>
    <ClInclude Include="Utils.h">
      <Filter>Header Files</Filter>
    </ClInclude>
    <ClInclude Include="Map3D.h">
      <Filter>Header Files</Filter>
    </ClInclude>
    <ClInclude Include="MapAPI.h">
      <Filter>Header Files</Filter>
    </ClInclude>
    <ClInclude Include="ByteMatrix.h">
      <Filter>Header Files</Filter>
    </ClInclude>
    <ClInclude Include="Timer.h">
      <Filter>Header Files</Filter>
    </ClInclude>
    <ClInclude Include="CornerDetector.h">
      <Filter>Capillary</Filter>
    </ClInclude>
    <ClInclude Include="LayerScanner.h">
      <Filter>Capillary</Filter>
    </ClInclude>
    <ClInclude Include="CapillaryProcessor.h">
      <Filter>Capillary</Filter>
    </ClInclude>
    <ClInclude Include="MaxRectangle.h">
      <Filter>Capillary</Filter>
    </ClInclude>
    <ClInclude Include="LineImageProcessor.h">
      <Filter>Locking</Filter>
    </ClInclude>
    <ClInclude Include="Sequence.h">
      <Filter>Locking</Filter>
    </ClInclude>
    <ClInclude Include="WideImageProcessor.h">
      <Filter>Locking</Filter>
    </ClInclude>
    <ClInclude Include="SpectrumAnalyzer.h">
      <Filter>Locking</Filter>
    </ClInclude>
    <ClInclude Include="UtilsCUDA.h">
      <Filter>Header Files</Filter>
    </ClInclude>
    <ClInclude Include="Config.h">
      <Filter>Header Files</Filter>
    </ClInclude>
  </ItemGroup>
  <ItemGroup>
    <ClCompile Include="pch.cpp">
      <Filter>Source Files</Filter>
    </ClCompile>
    <ClCompile Include="Utils.cpp">
      <Filter>Source Files</Filter>
    </ClCompile>
    <ClCompile Include="Map3D.cpp">
      <Filter>Source Files</Filter>
    </ClCompile>
    <ClCompile Include="UtilsCUDA.cpp">
      <Filter>Source Files</Filter>
    </ClCompile>
    <ClCompile Include="ByteMatrix.cpp">
      <Filter>Source Files</Filter>
    </ClCompile>
    <ClCompile Include="Config.cpp">
      <Filter>Source Files</Filter>
    </ClCompile>
  </ItemGroup>
  <ItemGroup>
    <None Include="packages.config" />
  </ItemGroup>
  <ItemGroup>
    <CudaCompile Include="Map.cu">
      <Filter>Source Files</Filter>
    </CudaCompile>
    <CudaCompile Include="CornerDetector.cu">
      <Filter>Capillary</Filter>
    </CudaCompile>
    <CudaCompile Include="CapillaryProcessor.cu">
      <Filter>Capillary</Filter>
    </CudaCompile>
    <CudaCompile Include="MaxRectangle.cu">
      <Filter>Capillary</Filter>
    </CudaCompile>
  </ItemGroup>
</Project>